
Microsoft Visual Studio Solution File, Format Version 12.00
# Visual Studio 2013
VisualStudioVersion = 12.0.40629.0
MinimumVisualStudioVersion = 10.0.40219.1
Project("{FAE04EC0-301F-11D3-BF4B-00C04F79EFBC}") = "hbehr.recaptcha", "hbehr.recaptcha\hbehr.recaptcha.csproj", "{3601D189-E0C0-4FED-A805-91DE7CAE1690}"
EndProject
Project("{FAE04EC0-301F-11D3-BF4B-00C04F79EFBC}") = "hbehr.recaptcha.unittest", "hbehr.recaptcha.unittest\hbehr.recaptcha.unittest.csproj", "{81C56372-2ECD-47EB-A88C-2C5514D8699B}"
EndProject
Global
	GlobalSection(SolutionConfigurationPlatforms) = preSolution
		Debug|Any CPU = Debug|Any CPU
		Release|Any CPU = Release|Any CPU
	EndGlobalSection
	GlobalSection(ProjectConfigurationPlatforms) = postSolution
		{3601D189-E0C0-4FED-A805-91DE7CAE1690}.Debug|Any CPU.ActiveCfg = Debug|Any CPU
		{3601D189-E0C0-4FED-A805-91DE7CAE1690}.Debug|Any CPU.Build.0 = Debug|Any CPU
		{3601D189-E0C0-4FED-A805-91DE7CAE1690}.Release|Any CPU.ActiveCfg = Release|Any CPU
		{3601D189-E0C0-4FED-A805-91DE7CAE1690}.Release|Any CPU.Build.0 = Release|Any CPU
		{81C56372-2ECD-47EB-A88C-2C5514D8699B}.Debug|Any CPU.ActiveCfg = Debug|Any CPU
		{81C56372-2ECD-47EB-A88C-2C5514D8699B}.Debug|Any CPU.Build.0 = Debug|Any CPU
		{81C56372-2ECD-47EB-A88C-2C5514D8699B}.Release|Any CPU.ActiveCfg = Release|Any CPU
		{81C56372-2ECD-47EB-A88C-2C5514D8699B}.Release|Any CPU.Build.0 = Release|Any CPU
	EndGlobalSection
	GlobalSection(SolutionProperties) = preSolution
		HideSolutionNode = FALSE
	EndGlobalSection
EndGlobal
